// !$*UTF8*$!
{
	archiveVersion = 1;
	classes = {
	};
	objectVersion = 46;
	objects = {

/* Begin PBXBuildFile section */
		3E4C54961C3D3F52003BB765 /* main.m in Sources */ = {isa = PBXBuildFile; fileRef = 3E4C54951C3D3F52003BB765 /* main.m */; };
		3E4C54991C3D3F52003BB765 /* AppDelegate.m in Sources */ = {isa = PBXBuildFile; fileRef = 3E4C54981C3D3F52003BB765 /* AppDelegate.m */; };
		3E4C54A11C3D3F52003BB765 /* Assets.xcassets in Resources */ = {isa = PBXBuildFile; fileRef = 3E4C54A01C3D3F52003BB765 /* Assets.xcassets */; };
		3E4C54A41C3D3F52003BB765 /* LaunchScreen.storyboard in Resources */ = {isa = PBXBuildFile; fileRef = 3E4C54A21C3D3F52003BB765 /* LaunchScreen.storyboard */; };
		3E4C54AF1C3D3F52003BB765 /* MoMoInkerTests.m in Sources */ = {isa = PBXBuildFile; fileRef = 3E4C54AE1C3D3F52003BB765 /* MoMoInkerTests.m */; };
		3E4C54BA1C3D3F52003BB765 /* MoMoInkerUITests.m in Sources */ = {isa = PBXBuildFile; fileRef = 3E4C54B91C3D3F52003BB765 /* MoMoInkerUITests.m */; };
		3ECB208A1C3D4B0F00E17B91 /* TICKBookInfo.m in Sources */ = {isa = PBXBuildFile; fileRef = 3ECB20891C3D4B0F00E17B91 /* TICKBookInfo.m */; };
		3ECB208D1C3D4B2200E17B91 /* TICKAppManager.m in Sources */ = {isa = PBXBuildFile; fileRef = 3ECB208C1C3D4B2200E17B91 /* TICKAppManager.m */; };
		3ECB20901C3D4B2D00E17B91 /* TICKBookManager.m in Sources */ = {isa = PBXBuildFile; fileRef = 3ECB208F1C3D4B2D00E17B91 /* TICKBookManager.m */; };
		3ECB20931C3D4B8100E17B91 /* RootViewController.m in Sources */ = {isa = PBXBuildFile; fileRef = 3ECB20921C3D4B8100E17B91 /* RootViewController.m */; };
/* End PBXBuildFile section */

/* Begin PBXContainerItemProxy section */
		3E4C54AB1C3D3F52003BB765 /* PBXContainerItemProxy */ = {
			isa = PBXContainerItemProxy;
			containerPortal = 3E4C54891C3D3F52003BB765 /* Project object */;
			proxyType = 1;
			remoteGlobalIDString = 3E4C54901C3D3F52003BB765;
			remoteInfo = MoMoInker;
		};
		3E4C54B61C3D3F52003BB765 /* PBXContainerItemProxy */ = {
			isa = PBXContainerItemProxy;
			containerPortal = 3E4C54891C3D3F52003BB765 /* Project object */;
			proxyType = 1;
			remoteGlobalIDString = 3E4C54901C3D3F52003BB765;
			remoteInfo = MoMoInker;
		};
/* End PBXContainerItemProxy section */

/* Begin PBXFileReference section */
		3E4C54911C3D3F52003BB765 /* MoMoInker.app */ = {isa = PBXFileReference; explicitFileType = wrapper.application; includeInIndex = 0; path = MoMoInker.app; sourceTree = BUILT_PRODUCTS_DIR; };
		3E4C54951C3D3F52003BB765 /* main.m */ = {isa = PBXFileReference; lastKnownFileType = sourcecode.c.objc; path = main.m; sourceTree = "<group>"; };
		3E4C54971C3D3F52003BB765 /* AppDelegate.h */ = {isa = PBXFileReference; lastKnownFileType = sourcecode.c.h; path = AppDelegate.h; sourceTree = "<group>"; };
		3E4C54981C3D3F52003BB765 /* AppDelegate.m */ = {isa = PBXFileReference; lastKnownFileType = sourcecode.c.objc; path = AppDelegate.m; sourceTree = "<group>"; };
		3E4C54A01C3D3F52003BB765 /* Assets.xcassets */ = {isa = PBXFileReference; lastKnownFileType = folder.assetcatalog; path = Assets.xcassets; sourceTree = "<group>"; };
		3E4C54A31C3D3F52003BB765 /* Base */ = {isa = PBXFileReference; lastKnownFileType = file.storyboard; name = Base; path = Base.lproj/LaunchScreen.storyboard; sourceTree = "<group>"; };
		3E4C54A51C3D3F52003BB765 /* Info.plist */ = {isa = PBXFileReference; lastKnownFileType = text.plist.xml; path = Info.plist; sourceTree = "<group>"; };
		3E4C54AA1C3D3F52003BB765 /* MoMoInkerTests.xctest */ = {isa = PBXFileReference; explicitFileType = wrapper.cfbundle; includeInIndex = 0; path = MoMoInkerTests.xctest; sourceTree = BUILT_PRODUCTS_DIR; };
		3E4C54AE1C3D3F52003BB765 /* MoMoInkerTests.m */ = {isa = PBXFileReference; lastKnownFileType = sourcecode.c.objc; path = MoMoInkerTests.m; sourceTree = "<group>"; };
		3E4C54B01C3D3F52003BB765 /* Info.plist */ = {isa = PBXFileReference; lastKnownFileType = text.plist.xml; path = Info.plist; sourceTree = "<group>"; };
		3E4C54B51C3D3F52003BB765 /* MoMoInkerUITests.xctest */ = {isa = PBXFileReference; explicitFileType = wrapper.cfbundle; includeInIndex = 0; path = MoMoInkerUITests.xctest; sourceTree = BUILT_PRODUCTS_DIR; };
		3E4C54B91C3D3F52003BB765 /* MoMoInkerUITests.m */ = {isa = PBXFileReference; lastKnownFileType = sourcecode.c.objc; path = MoMoInkerUITests.m; sourceTree = "<group>"; };
		3E4C54BB1C3D3F52003BB765 /* Info.plist */ = {isa = PBXFileReference; lastKnownFileType = text.plist.xml; path = Info.plist; sourceTree = "<group>"; };
		3ECB20801C3D49EA00E17B91 /* PrefixHeader.pch */ = {isa = PBXFileReference; lastKnownFileType = sourcecode.c.h; path = PrefixHeader.pch; sourceTree = "<group>"; };
		3ECB20851C3D4ABB00E17B91 /* TICKDebugLog.h */ = {isa = PBXFileReference; lastKnownFileType = sourcecode.c.h; path = TICKDebugLog.h; sourceTree = "<group>"; };
		3ECB20861C3D4AC800E17B91 /* TICKConst.h */ = {isa = PBXFileReference; lastKnownFileType = sourcecode.c.h; path = TICKConst.h; sourceTree = "<group>"; };
		3ECB20881C3D4B0E00E17B91 /* TICKBookInfo.h */ = {isa = PBXFileReference; fileEncoding = 4; lastKnownFileType = sourcecode.c.h; path = TICKBookInfo.h; sourceTree = "<group>"; };
		3ECB20891C3D4B0F00E17B91 /* TICKBookInfo.m */ = {isa = PBXFileReference; fileEncoding = 4; lastKnownFileType = sourcecode.c.objc; path = TICKBookInfo.m; sourceTree = "<group>"; };
		3ECB208B1C3D4B2200E17B91 /* TICKAppManager.h */ = {isa = PBXFileReference; fileEncoding = 4; lastKnownFileType = sourcecode.c.h; path = TICKAppManager.h; sourceTree = "<group>"; };
		3ECB208C1C3D4B2200E17B91 /* TICKAppManager.m */ = {isa = PBXFileReference; fileEncoding = 4; lastKnownFileType = sourcecode.c.objc; path = TICKAppManager.m; sourceTree = "<group>"; };
		3ECB208E1C3D4B2D00E17B91 /* TICKBookManager.h */ = {isa = PBXFileReference; fileEncoding = 4; lastKnownFileType = sourcecode.c.h; path = TICKBookManager.h; sourceTree = "<group>"; };
		3ECB208F1C3D4B2D00E17B91 /* TICKBookManager.m */ = {isa = PBXFileReference; fileEncoding = 4; lastKnownFileType = sourcecode.c.objc; path = TICKBookManager.m; sourceTree = "<group>"; };
		3ECB20911C3D4B8100E17B91 /* RootViewController.h */ = {isa = PBXFileReference; fileEncoding = 4; lastKnownFileType = sourcecode.c.h; path = RootViewController.h; sourceTree = "<group>"; };
		3ECB20921C3D4B8100E17B91 /* RootViewController.m */ = {isa = PBXFileReference; fileEncoding = 4; lastKnownFileType = sourcecode.c.objc; path = RootViewController.m; sourceTree = "<group>"; };
/* End PBXFileReference section */

/* Begin PBXFrameworksBuildPhase section */
		3E4C548E1C3D3F52003BB765 /* Frameworks */ = {
			isa = PBXFrameworksBuildPhase;
			buildActionMask = 2147483647;
			files = (
			);
			runOnlyForDeploymentPostprocessing = 0;
		};
		3E4C54A71C3D3F52003BB765 /* Frameworks */ = {
			isa = PBXFrameworksBuildPhase;
			buildActionMask = 2147483647;
			files = (
			);
			runOnlyForDeploymentPostprocessing = 0;
		};
		3E4C54B21C3D3F52003BB765 /* Frameworks */ = {
			isa = PBXFrameworksBuildPhase;
			buildActionMask = 2147483647;
			files = (
			);
			runOnlyForDeploymentPostprocessing = 0;
		};
/* End PBXFrameworksBuildPhase section */

/* Begin PBXGroup section */
		3E4C54881C3D3F52003BB765 = {
			isa = PBXGroup;
			children = (
				3E4C54931C3D3F52003BB765 /* MoMoInker */,
				3E4C54AD1C3D3F52003BB765 /* MoMoInkerTests */,
				3E4C54B81C3D3F52003BB765 /* MoMoInkerUITests */,
				3E4C54921C3D3F52003BB765 /* Products */,
			);
			sourceTree = "<group>";
		};
		3E4C54921C3D3F52003BB765 /* Products */ = {
			isa = PBXGroup;
			children = (
				3E4C54911C3D3F52003BB765 /* MoMoInker.app */,
				3E4C54AA1C3D3F52003BB765 /* MoMoInkerTests.xctest */,
				3E4C54B51C3D3F52003BB765 /* MoMoInkerUITests.xctest */,
			);
			name = Products;
			sourceTree = "<group>";
		};
		3E4C54931C3D3F52003BB765 /* MoMoInker */ = {
			isa = PBXGroup;
			children = (
				3ECB20811C3D4A6400E17B91 /* Class */,
				3ECB20801C3D49EA00E17B91 /* PrefixHeader.pch */,
				3E4C54971C3D3F52003BB765 /* AppDelegate.h */,
				3E4C54981C3D3F52003BB765 /* AppDelegate.m */,
				3E4C54A01C3D3F52003BB765 /* Assets.xcassets */,
				3E4C54A21C3D3F52003BB765 /* LaunchScreen.storyboard */,
				3E4C54A51C3D3F52003BB765 /* Info.plist */,
				3E4C54941C3D3F52003BB765 /* Supporting Files */,
			);
			path = MoMoInker;
			sourceTree = "<group>";
		};
		3E4C54941C3D3F52003BB765 /* Supporting Files */ = {
			isa = PBXGroup;
			children = (
				3E4C54951C3D3F52003BB765 /* main.m */,
			);
			name = "Supporting Files";
			sourceTree = "<group>";
		};
		3E4C54AD1C3D3F52003BB765 /* MoMoInkerTests */ = {
			isa = PBXGroup;
			children = (
				3E4C54AE1C3D3F52003BB765 /* MoMoInkerTests.m */,
				3E4C54B01C3D3F52003BB765 /* Info.plist */,
			);
			path = MoMoInkerTests;
			sourceTree = "<group>";
		};
		3E4C54B81C3D3F52003BB765 /* MoMoInkerUITests */ = {
			isa = PBXGroup;
			children = (
				3E4C54B91C3D3F52003BB765 /* MoMoInkerUITests.m */,
				3E4C54BB1C3D3F52003BB765 /* Info.plist */,
			);
			path = MoMoInkerUITests;
			sourceTree = "<group>";
		};
		3ECB20811C3D4A6400E17B91 /* Class */ = {
			isa = PBXGroup;
			children = (
				3ECB20871C3D4AF000E17B91 /* ViewController */,
				3ECB20821C3D4A6400E17B91 /* Const */,
				3ECB20831C3D4A6400E17B91 /* Entity */,
				3ECB20841C3D4A6400E17B91 /* Manager */,
			);
			path = Class;
			sourceTree = "<group>";
		};
		3ECB20821C3D4A6400E17B91 /* Const */ = {
			isa = PBXGroup;
			children = (
				3ECB20851C3D4ABB00E17B91 /* TICKDebugLog.h */,
				3ECB20861C3D4AC800E17B91 /* TICKConst.h */,
			);
			path = Const;
			sourceTree = "<group>";
		};
		3ECB20831C3D4A6400E17B91 /* Entity */ = {
			isa = PBXGroup;
			children = (
				3ECB20881C3D4B0E00E17B91 /* TICKBookInfo.h */,
				3ECB20891C3D4B0F00E17B91 /* TICKBookInfo.m */,
			);
			path = Entity;
			sourceTree = "<group>";
		};
		3ECB20841C3D4A6400E17B91 /* Manager */ = {
			isa = PBXGroup;
			children = (
				3ECB208B1C3D4B2200E17B91 /* TICKAppManager.h */,
				3ECB208C1C3D4B2200E17B91 /* TICKAppManager.m */,
				3ECB208E1C3D4B2D00E17B91 /* TICKBookManager.h */,
				3ECB208F1C3D4B2D00E17B91 /* TICKBookManager.m */,
			);
			path = Manager;
			sourceTree = "<group>";
		};
		3ECB20871C3D4AF000E17B91 /* ViewController */ = {
			isa = PBXGroup;
			children = (
				3ECB20911C3D4B8100E17B91 /* RootViewController.h */,
				3ECB20921C3D4B8100E17B91 /* RootViewController.m */,
			);
			path = ViewController;
			sourceTree = "<group>";
		};
/* End PBXGroup section */

/* Begin PBXNativeTarget section */
		3E4C54901C3D3F52003BB765 /* MoMoInker */ = {
			isa = PBXNativeTarget;
			buildConfigurationList = 3E4C54BE1C3D3F52003BB765 /* Build configuration list for PBXNativeTarget "MoMoInker" */;
			buildPhases = (
				3E4C548D1C3D3F52003BB765 /* Sources */,
				3E4C548E1C3D3F52003BB765 /* Frameworks */,
				3E4C548F1C3D3F52003BB765 /* Resources */,
			);
			buildRules = (
			);
			dependencies = (
			);
			name = MoMoInker;
			productName = MoMoInker;
			productReference = 3E4C54911C3D3F52003BB765 /* MoMoInker.app */;
			productType = "com.apple.product-type.application";
		};
		3E4C54A91C3D3F52003BB765 /* MoMoInkerTests */ = {
			isa = PBXNativeTarget;
			buildConfigurationList = 3E4C54C11C3D3F52003BB765 /* Build configuration list for PBXNativeTarget "MoMoInkerTests" */;
			buildPhases = (
				3E4C54A61C3D3F52003BB765 /* Sources */,
				3E4C54A71C3D3F52003BB765 /* Frameworks */,
				3E4C54A81C3D3F52003BB765 /* Resources */,
			);
			buildRules = (
			);
			dependencies = (
				3E4C54AC1C3D3F52003BB765 /* PBXTargetDependency */,
			);
			name = MoMoInkerTests;
			productName = MoMoInkerTests;
			productReference = 3E4C54AA1C3D3F52003BB765 /* MoMoInkerTests.xctest */;
			productType = "com.apple.product-type.bundle.unit-test";
		};
		3E4C54B41C3D3F52003BB765 /* MoMoInkerUITests */ = {
			isa = PBXNativeTarget;
			buildConfigurationList = 3E4C54C41C3D3F52003BB765 /* Build configuration list for PBXNativeTarget "MoMoInkerUITests" */;
			buildPhases = (
				3E4C54B11C3D3F52003BB765 /* Sources */,
				3E4C54B21C3D3F52003BB765 /* Frameworks */,
				3E4C54B31C3D3F52003BB765 /* Resources */,
			);
			buildRules = (
			);
			dependencies = (
				3E4C54B71C3D3F52003BB765 /* PBXTargetDependency */,
			);
			name = MoMoInkerUITests;
			productName = MoMoInkerUITests;
			productReference = 3E4C54B51C3D3F52003BB765 /* MoMoInkerUITests.xctest */;
			productType = "com.apple.product-type.bundle.ui-testing";
		};
/* End PBXNativeTarget section */

/* Begin PBXProject section */
		3E4C54891C3D3F52003BB765 /* Project object */ = {
			isa = PBXProject;
			attributes = {
				LastUpgradeCheck = 0720;
				ORGANIZATIONNAME = tickCoder;
				TargetAttributes = {
					3E4C54901C3D3F52003BB765 = {
						CreatedOnToolsVersion = 7.2;
					};
					3E4C54A91C3D3F52003BB765 = {
						CreatedOnToolsVersion = 7.2;
						TestTargetID = 3E4C54901C3D3F52003BB765;
					};
					3E4C54B41C3D3F52003BB765 = {
						CreatedOnToolsVersion = 7.2;
						TestTargetID = 3E4C54901C3D3F52003BB765;
					};
				};
			};
			buildConfigurationList = 3E4C548C1C3D3F52003BB765 /* Build configuration list for PBXProject "MoMoInker" */;
			compatibilityVersion = "Xcode 3.2";
			developmentRegion = English;
			hasScannedForEncodings = 0;
			knownRegions = (
				en,
				Base,
			);
			mainGroup = 3E4C54881C3D3F52003BB765;
			productRefGroup = 3E4C54921C3D3F52003BB765 /* Products */;
			projectDirPath = "";
			projectRoot = "";
			targets = (
				3E4C54901C3D3F52003BB765 /* MoMoInker */,
				3E4C54A91C3D3F52003BB765 /* MoMoInkerTests */,
				3E4C54B41C3D3F52003BB765 /* MoMoInkerUITests */,
			);
		};
/* End PBXProject section */

/* Begin PBXResourcesBuildPhase section */
		3E4C548F1C3D3F52003BB765 /* Resources */ = {
			isa = PBXResourcesBuildPhase;
			buildActionMask = 2147483647;
			files = (
				3E4C54A41C3D3F52003BB765 /* LaunchScreen.storyboard in Resources */,
				3E4C54A11C3D3F52003BB765 /* Assets.xcassets in Resources */,
			);
			runOnlyForDeploymentPostprocessing = 0;
		};
		3E4C54A81C3D3F52003BB765 /* Resources */ = {
			isa = PBXResourcesBuildPhase;
			buildActionMask = 2147483647;
			files = (
			);
			runOnlyForDeploymentPostprocessing = 0;
		};
		3E4C54B31C3D3F52003BB765 /* Resources */ = {
			isa = PBXResourcesBuildPhase;
			buildActionMask = 2147483647;
			files = (
			);
			runOnlyForDeploymentPostprocessing = 0;
		};
/* End PBXResourcesBuildPhase section */

/* Begin PBXSourcesBuildPhase section */
		3E4C548D1C3D3F52003BB765 /* Sources */ = {
			isa = PBXSourcesBuildPhase;
			buildActionMask = 2147483647;
			files = (
				3ECB208A1C3D4B0F00E17B91 /* TICKBookInfo.m in Sources */,
				3E4C54991C3D3F52003BB765 /* AppDelegate.m in Sources */,
				3ECB20931C3D4B8100E17B91 /* RootViewController.m in Sources */,
				3ECB208D1C3D4B2200E17B91 /* TICKAppManager.m in Sources */,
				3ECB20901C3D4B2D00E17B91 /* TICKBookManager.m in Sources */,
				3E4C54961C3D3F52003BB765 /* main.m in Sources */,
			);
			runOnlyForDeploymentPostprocessing = 0;
		};
		3E4C54A61C3D3F52003BB765 /* Sources */ = {
			isa = PBXSourcesBuildPhase;
			buildActionMask = 2147483647;
			files = (
				3E4C54AF1C3D3F52003BB765 /* MoMoInkerTests.m in Sources */,
			);
			runOnlyForDeploymentPostprocessing = 0;
		};
		3E4C54B11C3D3F52003BB765 /* Sources */ = {
			isa = PBXSourcesBuildPhase;
			buildActionMask = 2147483647;
			files = (
				3E4C54BA1C3D3F52003BB765 /* MoMoInkerUITests.m in Sources */,
			);
			runOnlyForDeploymentPostprocessing = 0;
		};
/* End PBXSourcesBuildPhase section */

/* Begin PBXTargetDependency section */
		3E4C54AC1C3D3F52003BB765 /* PBXTargetDependency */ = {
			isa = PBXTargetDependency;
			target = 3E4C54901C3D3F52003BB765 /* MoMoInker */;
			targetProxy = 3E4C54AB1C3D3F52003BB765 /* PBXContainerItemProxy */;
		};
		3E4C54B71C3D3F52003BB765 /* PBXTargetDependency */ = {
			isa = PBXTargetDependency;
			target = 3E4C54901C3D3F52003BB765 /* MoMoInker */;
			targetProxy = 3E4C54B61C3D3F52003BB765 /* PBXContainerItemProxy */;
		};
/* End PBXTargetDependency section */

/* Begin PBXVariantGroup section */
		3E4C54A21C3D3F52003BB765 /* LaunchScreen.storyboard */ = {
			isa = PBXVariantGroup;
			children = (
				3E4C54A31C3D3F52003BB765 /* Base */,
			);
			name = LaunchScreen.storyboard;
			sourceTree = "<group>";
		};
/* End PBXVariantGroup section */

/* Begin XCBuildConfiguration section */
		3E4C54BC1C3D3F52003BB765 /* Debug */ = {
			isa = XCBuildConfiguration;
			buildSettings = {
				ALWAYS_SEARCH_USER_PATHS = NO;
				CLANG_CXX_LANGUAGE_STANDARD = "gnu++0x";
				CLANG_CXX_LIBRARY = "libc++";
				CLANG_ENABLE_MODULES = YES;
				CLANG_ENABLE_OBJC_ARC = YES;
				CLANG_WARN_BOOL_CONVERSION = YES;
				CLANG_WARN_CONSTANT_CONVERSION = YES;
				CLANG_WARN_DIRECT_OBJC_ISA_USAGE = YES_ERROR;
				CLANG_WARN_EMPTY_BODY = YES;
				CLANG_WARN_ENUM_CONVERSION = YES;
				CLANG_WARN_INT_CONVERSION = YES;
				CLANG_WARN_OBJC_ROOT_CLASS = YES_ERROR;
				CLANG_WARN_UNREACHABLE_CODE = YES;
				CLANG_WARN__DUPLICATE_METHOD_MATCH = YES;
				"CODE_SIGN_IDENTITY[sdk=iphoneos*]" = "iPhone Developer";
				COPY_PHASE_STRIP = NO;
				DEBUG_INFORMATION_FORMAT = dwarf;
				ENABLE_STRICT_OBJC_MSGSEND = YES;
				ENABLE_TESTABILITY = YES;
				GCC_C_LANGUAGE_STANDARD = gnu99;
				GCC_DYNAMIC_NO_PIC = NO;
				GCC_NO_COMMON_BLOCKS = YES;
				GCC_OPTIMIZATION_LEVEL = 0;
				GCC_PREPROCESSOR_DEFINITIONS = (
					"DEBUG=1",
					"$(inherited)",
				);
				GCC_WARN_64_TO_32_BIT_CONVERSION = YES;
				GCC_WARN_ABOUT_RETURN_TYPE = YES_ERROR;
				GCC_WARN_UNDECLARED_SELECTOR = YES;
				GCC_WARN_UNINITIALIZED_AUTOS = YES_AGGRESSIVE;
				GCC_WARN_UNUSED_FUNCTION = YES;
				GCC_WARN_UNUSED_VARIABLE = YES;
				IPHONEOS_DEPLOYMENT_TARGET = 8.0;
				MTL_ENABLE_DEBUG_INFO = YES;
				ONLY_ACTIVE_ARCH = YES;
				SDKROOT = iphoneos;
				TARGETED_DEVICE_FAMILY = "1,2";
			};
			name = Debug;
		};
		3E4C54BD1C3D3F52003BB765 /* Release */ = {
			isa = XCBuildConfiguration;
			buildSettings = {
				ALWAYS_SEARCH_USER_PATHS = NO;
				CLANG_CXX_LANGUAGE_STANDARD = "gnu++0x";
				CLANG_CXX_LIBRARY = "libc++";
				CLANG_ENABLE_MODULES = YES;
				CLANG_ENABLE_OBJC_ARC = YES;
				CLANG_WARN_BOOL_CONVERSION = YES;
				CLANG_WARN_CONSTANT_CONVERSION = YES;
				CLANG_WARN_DIRECT_OBJC_ISA_USAGE = YES_ERROR;
				CLANG_WARN_EMPTY_BODY = YES;
				CLANG_WARN_ENUM_CONVERSION = YES;
				CLANG_WARN_INT_CONVERSION = YES;
				CLANG_WARN_OBJC_ROOT_CLASS = YES_ERROR;
				CLANG_WARN_UNREACHABLE_CODE = YES;
				CLANG_WARN__DUPLICATE_METHOD_MATCH = YES;
				"CODE_SIGN_IDENTITY[sdk=iphoneos*]" = "iPhone Developer";
				COPY_PHASE_STRIP = NO;
				DEBUG_INFORMATION_FORMAT = "dwarf-with-dsym";
				ENABLE_NS_ASSERTIONS = NO;
				ENABLE_STRICT_OBJC_MSGSEND = YES;
				GCC_C_LANGUAGE_STANDARD = gnu99;
				GCC_NO_COMMON_BLOCKS = YES;
				GCC_WARN_64_TO_32_BIT_CONVERSION = YES;
				GCC_WARN_ABOUT_RETURN_TYPE = YES_ERROR;
				GCC_WARN_UNDECLARED_SELECTOR = YES;
				GCC_WARN_UNINITIALIZED_AUTOS = YES_AGGRESSIVE;
				GCC_WARN_UNUSED_FUNCTION = YES;
				GCC_WARN_UNUSED_VARIABLE = YES;
				IPHONEOS_DEPLOYMENT_TARGET = 8.0;
				MTL_ENABLE_DEBUG_INFO = NO;
				SDKROOT = iphoneos;
				TARGETED_DEVICE_FAMILY = "1,2";
				VALIDATE_PRODUCT = YES;
			};
			name = Release;
		};
		3E4C54BF1C3D3F52003BB765 /* Debug */ = {
			isa = XCBuildConfiguration;
			buildSettings = {
				ASSETCATALOG_COMPILER_APPICON_NAME = AppIcon;
				GCC_PRECOMPILE_PREFIX_HEADER = YES;
				GCC_PREFIX_HEADER = MoMoInker/PrefixHeader.pch;
				INFOPLIST_FILE = MoMoInker/Info.plist;
				LD_RUNPATH_SEARCH_PATHS = "$(inherited) @executable_path/Frameworks";
				PRODUCT_BUNDLE_IDENTIFIER = com.tickCoder.MoMoInker;
				PRODUCT_NAME = "$(TARGET_NAME)";
			};
			name = Debug;
		};
		3E4C54C01C3D3F52003BB765 /* Release */ = {
			isa = XCBuildConfiguration;
			buildSettings = {
				ASSETCATALOG_COMPILER_APPICON_NAME = AppIcon;
				GCC_PRECOMPILE_PREFIX_HEADER = YES;
				GCC_PREFIX_HEADER = MoMoInker/PrefixHeader.pch;
				INFOPLIST_FILE = MoMoInker/Info.plist;
				LD_RUNPATH_SEARCH_PATHS = "$(inherited) @executable_path/Frameworks";
				PRODUCT_BUNDLE_IDENTIFIER = com.tickCoder.MoMoInker;
				PRODUCT_NAME = "$(TARGET_NAME)";
			};
			name = Release;
		};
		3E4C54C21C3D3F52003BB765 /* Debug */ = {
			isa = XCBuildConfiguration;
			buildSettings = {
				BUNDLE_LOADER = "$(TEST_HOST)";
				INFOPLIST_FILE = MoMoInkerTests/Info.plist;
				LD_RUNPATH_SEARCH_PATHS = "$(inherited) @executable_path/Frameworks @loader_path/Frameworks";
				PRODUCT_BUNDLE_IDENTIFIER = com.tickCoder.MoMoInkerTests;
				PRODUCT_NAME = "$(TARGET_NAME)";
				TEST_HOST = "$(BUILT_PRODUCTS_DIR)/MoMoInker.app/MoMoInker";
			};
			name = Debug;
		};
		3E4C54C31C3D3F52003BB765 /* Release */ = {
			isa = XCBuildConfiguration;
			buildSettings = {
				BUNDLE_LOADER = "$(TEST_HOST)";
				INFOPLIST_FILE = MoMoInkerTests/Info.plist;
				LD_RUNPATH_SEARCH_PATHS = "$(inherited) @executable_path/Frameworks @loader_path/Frameworks";
				PRODUCT_BUNDLE_IDENTIFIER = com.tickCoder.MoMoInkerTests;
				PRODUCT_NAME = "$(TARGET_NAME)";
				TEST_HOST = "$(BUILT_PRODUCTS_DIR)/MoMoInker.app/MoMoInker";
			};
			name = Release;
		};
		3E4C54C51C3D3F52003BB765 /* Debug */ = {
			isa = XCBuildConfiguration;
			buildSettings = {
				INFOPLIST_FILE = MoMoInkerUITests/Info.plist;
				LD_RUNPATH_SEARCH_PATHS = "$(inherited) @executable_path/Frameworks @loader_path/Frameworks";
				PRODUCT_BUNDLE_IDENTIFIER = com.tickCoder.MoMoInkerUITests;
				PRODUCT_NAME = "$(TARGET_NAME)";
				TEST_TARGET_NAME = MoMoInker;
				USES_XCTRUNNER = YES;
			};
			name = Debug;
		};
		3E4C54C61C3D3F52003BB765 /* Release */ = {
			isa = XCBuildConfiguration;
			buildSettings = {
				INFOPLIST_FILE = MoMoInkerUITests/Info.plist;
				LD_RUNPATH_SEARCH_PATHS = "$(inherited) @executable_path/Frameworks @loader_path/Frameworks";
				PRODUCT_BUNDLE_IDENTIFIER = com.tickCoder.MoMoInkerUITests;
				PRODUCT_NAME = "$(TARGET_NAME)";
				TEST_TARGET_NAME = MoMoInker;
				USES_XCTRUNNER = YES;
			};
			name = Release;
		};
/* End XCBuildConfiguration section */

/* Begin XCConfigurationList section */
		3E4C548C1C3D3F52003BB765 /* Build configuration list for PBXProject "MoMoInker" */ = {
			isa = XCConfigurationList;
			buildConfigurations = (
				3E4C54BC1C3D3F52003BB765 /* Debug */,
				3E4C54BD1C3D3F52003BB765 /* Release */,
			);
			defaultConfigurationIsVisible = 0;
			defaultConfigurationName = Release;
		};
		3E4C54BE1C3D3F52003BB765 /* Build configuration list for PBXNativeTarget "MoMoInker" */ = {
			isa = XCConfigurationList;
			buildConfigurations = (
				3E4C54BF1C3D3F52003BB765 /* Debug */,
				3E4C54C01C3D3F52003BB765 /* Release */,
			);
			defaultConfigurationIsVisible = 0;
			defaultConfigurationName = Release;
		};
		3E4C54C11C3D3F52003BB765 /* Build configuration list for PBXNativeTarget "MoMoInkerTests" */ = {
			isa = XCConfigurationList;
			buildConfigurations = (
				3E4C54C21C3D3F52003BB765 /* Debug */,
				3E4C54C31C3D3F52003BB765 /* Release */,
			);
			defaultConfigurationIsVisible = 0;
			defaultConfigurationName = Release;
		};
		3E4C54C41C3D3F52003BB765 /* Build configuration list for PBXNativeTarget "MoMoInkerUITests" */ = {
			isa = XCConfigurationList;
			buildConfigurations = (
				3E4C54C51C3D3F52003BB765 /* Debug */,
				3E4C54C61C3D3F52003BB765 /* Release */,
			);
			defaultConfigurationIsVisible = 0;
			defaultConfigurationName = Release;
		};
/* End XCConfigurationList section */
	};
	rootObject = 3E4C54891C3D3F52003BB765 /* Project object */;
}
